
Microsoft Visual Studio Solution File, Format Version 12.00
# Visual Studio Version 17
VisualStudioVersion = 17.9.34622.214
MinimumVisualStudioVersion = 10.0.40219.1
Project("{FAE04EC0-301F-11D3-BF4B-00C04F79EFBC}") = "AppWebDBAdmin", "AppWebDBAdmin\AppWebDBAdmin.csproj", "{6CB6D668-A2D6-407E-98AC-19DA1A649E12}"
EndProject
Global
	GlobalSection(SolutionConfigurationPlatforms) = preSolution
		Debug|Any CPU = Debug|Any CPU
		Release|Any CPU = Release|Any CPU
	EndGlobalSection
	GlobalSection(ProjectConfigurationPlatforms) = postSolution
		{6CB6D668-A2D6-407E-98AC-19DA1A649E12}.Debug|Any CPU.ActiveCfg = Debug|Any CPU
		{6CB6D668-A2D6-407E-98AC-19DA1A649E12}.Debug|Any CPU.Build.0 = Debug|Any CPU
		{6CB6D668-A2D6-407E-98AC-19DA1A649E12}.Release|Any CPU.ActiveCfg = Release|Any CPU
		{6CB6D668-A2D6-407E-98AC-19DA1A649E12}.Release|Any CPU.Build.0 = Release|Any CPU
	EndGlobalSection
	GlobalSection(SolutionProperties) = preSolution
		HideSolutionNode = FALSE
	EndGlobalSection
	GlobalSection(ExtensibilityGlobals) = postSolution
		SolutionGuid = {4B641BFA-F086-477A-B549-0A6FCFD533AB}
	EndGlobalSection
EndGlobal
